
Microsoft Visual Studio Solution File, Format Version 12.00
# Visual Studio Version 16
VisualStudioVersion = 16.0.31005.135
MinimumVisualStudioVersion = 10.0.40219.1
Project("{FAE04EC0-301F-11D3-BF4B-00C04F79EFBC}") = "IntelligentDemo", "IntelligentDemo\IntelligentDemo.csproj", "{2584A768-E712-40D7-9A10-330FB2BB3AF7}"
EndProject
Project("{FAE04EC0-301F-11D3-BF4B-00C04F79EFBC}") = "PSAMWPFControlLibrary", "PSAMWPFControlLibrary\PSAMWPFControlLibrary.csproj", "{24E32E85-6A86-4146-B877-30B422958874}"
EndProject
Project("{FAE04EC0-301F-11D3-BF4B-00C04F79EFBC}") = "MusicProcessor", "MusicProcessor\MusicProcessor.csproj", "{8A741CE3-92D6-488E-80BC-AC05389CD69D}"
EndProject
Project("{FAE04EC0-301F-11D3-BF4B-00C04F79EFBC}") = "MusicAppCore", "MusicAppCore\MusicAppCore.csproj", "{FF3147EB-DE15-483A-A407-E1E02EBB82BC}"
EndProject
Global
	GlobalSection(SolutionConfigurationPlatforms) = preSolution
		Debug|Any CPU = Debug|Any CPU
		Debug|Custom = Debug|Custom
		Release|Any CPU = Release|Any CPU
		Release|Custom = Release|Custom
	EndGlobalSection
	GlobalSection(ProjectConfigurationPlatforms) = postSolution
		{2584A768-E712-40D7-9A10-330FB2BB3AF7}.Debug|Any CPU.ActiveCfg = Debug|Any CPU
		{2584A768-E712-40D7-9A10-330FB2BB3AF7}.Debug|Any CPU.Build.0 = Debug|Any CPU
		{2584A768-E712-40D7-9A10-330FB2BB3AF7}.Debug|Custom.ActiveCfg = Debug|x86
		{2584A768-E712-40D7-9A10-330FB2BB3AF7}.Debug|Custom.Build.0 = Debug|x86
		{2584A768-E712-40D7-9A10-330FB2BB3AF7}.Release|Any CPU.ActiveCfg = Release|Any CPU
		{2584A768-E712-40D7-9A10-330FB2BB3AF7}.Release|Any CPU.Build.0 = Release|Any CPU
		{2584A768-E712-40D7-9A10-330FB2BB3AF7}.Release|Custom.ActiveCfg = Release|x86
		{2584A768-E712-40D7-9A10-330FB2BB3AF7}.Release|Custom.Build.0 = Release|x86
		{24E32E85-6A86-4146-B877-30B422958874}.Debug|Any CPU.ActiveCfg = Debug|Any CPU
		{24E32E85-6A86-4146-B877-30B422958874}.Debug|Any CPU.Build.0 = Debug|Any CPU
		{24E32E85-6A86-4146-B877-30B422958874}.Debug|Custom.ActiveCfg = Debug|Any CPU
		{24E32E85-6A86-4146-B877-30B422958874}.Debug|Custom.Build.0 = Debug|Any CPU
		{24E32E85-6A86-4146-B877-30B422958874}.Release|Any CPU.ActiveCfg = Release|Any CPU
		{24E32E85-6A86-4146-B877-30B422958874}.Release|Any CPU.Build.0 = Release|Any CPU
		{24E32E85-6A86-4146-B877-30B422958874}.Release|Custom.ActiveCfg = Release|Any CPU
		{24E32E85-6A86-4146-B877-30B422958874}.Release|Custom.Build.0 = Release|Any CPU
		{8A741CE3-92D6-488E-80BC-AC05389CD69D}.Debug|Any CPU.ActiveCfg = Debug|Any CPU
		{8A741CE3-92D6-488E-80BC-AC05389CD69D}.Debug|Any CPU.Build.0 = Debug|Any CPU
		{8A741CE3-92D6-488E-80BC-AC05389CD69D}.Debug|Custom.ActiveCfg = Debug|x64
		{8A741CE3-92D6-488E-80BC-AC05389CD69D}.Debug|Custom.Build.0 = Debug|x64
		{8A741CE3-92D6-488E-80BC-AC05389CD69D}.Release|Any CPU.ActiveCfg = Release|Any CPU
		{8A741CE3-92D6-488E-80BC-AC05389CD69D}.Release|Any CPU.Build.0 = Release|Any CPU
		{8A741CE3-92D6-488E-80BC-AC05389CD69D}.Release|Custom.ActiveCfg = Release|Any CPU
		{8A741CE3-92D6-488E-80BC-AC05389CD69D}.Release|Custom.Build.0 = Release|Any CPU
		{FF3147EB-DE15-483A-A407-E1E02EBB82BC}.Debug|Any CPU.ActiveCfg = Debug|Any CPU
		{FF3147EB-DE15-483A-A407-E1E02EBB82BC}.Debug|Any CPU.Build.0 = Debug|Any CPU
		{FF3147EB-DE15-483A-A407-E1E02EBB82BC}.Debug|Custom.ActiveCfg = Debug|Any CPU
		{FF3147EB-DE15-483A-A407-E1E02EBB82BC}.Debug|Custom.Build.0 = Debug|Any CPU
		{FF3147EB-DE15-483A-A407-E1E02EBB82BC}.Release|Any CPU.ActiveCfg = Release|Any CPU
		{FF3147EB-DE15-483A-A407-E1E02EBB82BC}.Release|Any CPU.Build.0 = Release|Any CPU
		{FF3147EB-DE15-483A-A407-E1E02EBB82BC}.Release|Custom.ActiveCfg = Release|Any CPU
		{FF3147EB-DE15-483A-A407-E1E02EBB82BC}.Release|Custom.Build.0 = Release|Any CPU
	EndGlobalSection
	GlobalSection(SolutionProperties) = preSolution
		HideSolutionNode = FALSE
	EndGlobalSection
	GlobalSection(ExtensibilityGlobals) = postSolution
		SolutionGuid = {59F341FB-774A-4E05-9808-F7233098125A}
	EndGlobalSection
EndGlobal
